
Microsoft Visual Studio Solution File, Format Version 12.00
# Visual Studio Version 17
VisualStudioVersion = 17.10.34916.146
MinimumVisualStudioVersion = 10.0.40219.1
Project("{FAE04EC0-301F-11D3-BF4B-00C04F79EFBC}") = "WpfApp3", "WpfApp3\WpfApp3.csproj", "{B693F0F8-68D9-43AB-8466-9D8121345289}"
EndProject
Global
	GlobalSection(SolutionConfigurationPlatforms) = preSolution
		Debug|Any CPU = Debug|Any CPU
		Release|Any CPU = Release|Any CPU
	EndGlobalSection
	GlobalSection(ProjectConfigurationPlatforms) = postSolution
		{B693F0F8-68D9-43AB-8466-9D8121345289}.Debug|Any CPU.ActiveCfg = Debug|Any CPU
		{B693F0F8-68D9-43AB-8466-9D8121345289}.Debug|Any CPU.Build.0 = Debug|Any CPU
		{B693F0F8-68D9-43AB-8466-9D8121345289}.Release|Any CPU.ActiveCfg = Release|Any CPU
		{B693F0F8-68D9-43AB-8466-9D8121345289}.Release|Any CPU.Build.0 = Release|Any CPU
	EndGlobalSection
	GlobalSection(SolutionProperties) = preSolution
		HideSolutionNode = FALSE
	EndGlobalSection
	GlobalSection(ExtensibilityGlobals) = postSolution
		SolutionGuid = {8F3DE557-7CA8-4B4F-A3E5-C2F706BB3C4E}
	EndGlobalSection
EndGlobal
